
Microsoft Visual Studio Solution File, Format Version 12.00
# Visual Studio Version 17
VisualStudioVersion = 17.14.36127.28 d17.14
MinimumVisualStudioVersion = 10.0.40219.1
Project("{FAE04EC0-301F-11D3-BF4B-00C04F79EFBC}") = "prueba-tecnica", "prueba-tecnica.csproj", "{7B047FCB-DE9C-43B0-9CFD-E80A06109FC5}"
EndProject
Global
	GlobalSection(SolutionConfigurationPlatforms) = preSolution
		Debug|Any CPU = Debug|Any CPU
		Release|Any CPU = Release|Any CPU
	EndGlobalSection
	GlobalSection(ProjectConfigurationPlatforms) = postSolution
		{7B047FCB-DE9C-43B0-9CFD-E80A06109FC5}.Debug|Any CPU.ActiveCfg = Debug|Any CPU
		{7B047FCB-DE9C-43B0-9CFD-E80A06109FC5}.Debug|Any CPU.Build.0 = Debug|Any CPU
		{7B047FCB-DE9C-43B0-9CFD-E80A06109FC5}.Release|Any CPU.ActiveCfg = Release|Any CPU
		{7B047FCB-DE9C-43B0-9CFD-E80A06109FC5}.Release|Any CPU.Build.0 = Release|Any CPU
	EndGlobalSection
	GlobalSection(SolutionProperties) = preSolution
		HideSolutionNode = FALSE
	EndGlobalSection
	GlobalSection(ExtensibilityGlobals) = postSolution
		SolutionGuid = {9E79EB42-8EDF-464F-9768-260DE0F94335}
	EndGlobalSection
EndGlobal
